# Generated by buf. DO NOT EDIT.
version: v2
deps:
  - name: buf.build/antinvestor/common
    commit: 9c9b418cbc9a4e108b83d5b1150ea42b
    digest: b5:c172378a6aae2b02b4ed9ad624f6e9ed9da6290c7c3a073d48267f842ed84f7092932d93f5541a2a4520c7efe82b12b58b5a5d0f2d57847d4be2559e60cbd55b
  - name: buf.build/bufbuild/protovalidate
    commit: 52f32327d4b045a79293a6ad4e7e1236
    digest: b5:cbabc98d4b7b7b0447c9b15f68eeb8a7a44ef8516cb386ac5f66e7fd4062cd6723ed3f452ad8c384b851f79e33d26e7f8a94e2b807282b3def1cd966c7eace97
  - name: buf.build/gnostic/gnostic
    commit: 087bc8072ce44e339f213209e4d57bf0
    digest: b5:c4eebcd04bc2fdd5dd0b8d695eb419682a650b600cdb56ff2ed61208a24603e0eb1b8ae0d467925c69a24bde6d322f3c4112bd2b8efdd682d8c3128384cdac9a
