# Generated by buf. DO NOT EDIT.
version: v1
deps:
  - remote: buf.build
    owner: antinvestor
    repository: common
    commit: 2618496b3e4147feb13f8e472ff94a0f
    digest: shake256:ea86602d0acae402d147617695d2eedda8402710c216d27f76594813a1d3365fa763c351d1764dbc933fa758d16da747d2d5c0ca2407fdbf4e21799f31824e85
  - remote: buf.build
    owner: bufbuild
    repository: protovalidate
    commit: e097f827e65240ac9fd4b1158849a8fc
    digest: shake256:f19252436fd9ded945631e2ffaaed28247a92c9015ccf55ae99db9fb3d9600c4fdb00fd2d3bd7701026ec2fd4715c5129e6ae517c25a59ba690020cfe80bf8ad
  - remote: buf.build
    owner: googleapis
    repository: googleapis
    commit: a86849a25cc04f4dbe9b15ddddfbc488
    digest: shake256:e19143328f8cbfe13fc226aeee5e63773ca494693a72740a7560664270039a380d94a1344234b88c7691311460df9a9b1c2982190d0a2612eae80368718e1943
