# Generated by buf. DO NOT EDIT.
version: v2
deps:
  - name: buf.build/antinvestor/common
    commit: 50a0f8413f2d4c719addbc9a236841df
    digest: b5:a4cf8aeec67f9128abe61843a2aba7b49b72994de2e5da901d22229245672883c13e8902fdd15f5c8a2c5370b1a49d5432e03cd89785361bbee48138f36944c1
  - name: buf.build/bufbuild/protovalidate
    commit: 52f32327d4b045a79293a6ad4e7e1236
    digest: b5:cbabc98d4b7b7b0447c9b15f68eeb8a7a44ef8516cb386ac5f66e7fd4062cd6723ed3f452ad8c384b851f79e33d26e7f8a94e2b807282b3def1cd966c7eace97
  - name: buf.build/gnostic/gnostic
    commit: 087bc8072ce44e339f213209e4d57bf0
    digest: b5:c4eebcd04bc2fdd5dd0b8d695eb419682a650b600cdb56ff2ed61208a24603e0eb1b8ae0d467925c69a24bde6d322f3c4112bd2b8efdd682d8c3128384cdac9a
