# Generated by buf. DO NOT EDIT.
version: v2
deps:
  - name: buf.build/antinvestor/common
    commit: d524d0f6d60c41439294021e7adac152
    digest: b5:79e831dce657d00e5a44d0a87a54e2e42cd51521368cae1c53b0b9d6416df4f47df355624d7bb1a97cafe312705cf75dbb7629eae8011978d0e30cfd9f5b3ab0
  - name: buf.build/bufbuild/protovalidate
    commit: 2a1774d888024a9b93ce7eb4b59f6a83
    digest: b5:6b7f9bc919b65e5b79d7b726ffc03d6f815a412d6b792970fa6f065cae162107bd0a9d47272c8ab1a2c9514e87b13d3fbf71df614374d62d2183afb64be2d30a
  - name: buf.build/gnostic/gnostic
    commit: 087bc8072ce44e339f213209e4d57bf0
    digest: b5:c4eebcd04bc2fdd5dd0b8d695eb419682a650b600cdb56ff2ed61208a24603e0eb1b8ae0d467925c69a24bde6d322f3c4112bd2b8efdd682d8c3128384cdac9a
  - name: buf.build/googleapis/googleapis
    commit: 004180b77378443887d3b55cabc00384
    digest: b5:e8f475fe3330f31f5fd86ac689093bcd274e19611a09db91f41d637cb9197881ce89882b94d13a58738e53c91c6e4bae7dc1feba85f590164c975a89e25115dc
